
Microsoft Visual Studio Solution File, Format Version 12.00
Project("{FAE04EC0-301F-11D3-BF4B-00C04F79EFBC}") = "DN1", "DN1\DN1.csproj", "{D89E9D63-8766-4801-9038-351273C6A9F4}"
EndProject
Project("{FAE04EC0-301F-11D3-BF4B-00C04F79EFBC}") = "DN2", "DN2\DN2.csproj", "{0B1725AD-C5CE-4D0D-9F36-98C0E3B6A8D8}"
EndProject
Project("{FAE04EC0-301F-11D3-BF4B-00C04F79EFBC}") = "DN3", "DN3\DN3.csproj", "{399CACAD-7299-4B5D-A374-67C4BF620FD5}"
EndProject
Project("{FAE04EC0-301F-11D3-BF4B-00C04F79EFBC}") = "DN4", "DN4\DN4.csproj", "{485B08C0-8A86-4648-8C05-27035259F887}"
EndProject
Project("{FAE04EC0-301F-11D3-BF4B-00C04F79EFBC}") = "DN5", "DN5\DN5.csproj", "{4B743EA8-993B-49D2-B07B-4E7286EC323E}"
EndProject
Project("{FAE04EC0-301F-11D3-BF4B-00C04F79EFBC}") = "DN6", "DN6\DN6.csproj", "{491A084B-9ED5-449F-B7FF-47C5F17D832E}"
EndProject
Project("{FAE04EC0-301F-11D3-BF4B-00C04F79EFBC}") = "DN7", "DN7\DN7.csproj", "{E363F5AA-C683-496E-9B82-E39835EA9D82}"
EndProject
Project("{FAE04EC0-301F-11D3-BF4B-00C04F79EFBC}") = "DN8", "DN8\DN8.csproj", "{54DBD088-EEA9-4331-A35B-A1C78FEF9799}"
EndProject
Project("{FAE04EC0-301F-11D3-BF4B-00C04F79EFBC}") = "DN9", "DN9\DN9.csproj", "{78D5F30F-5B83-422B-99C6-65CF135ACF30}"
EndProject
Project("{FAE04EC0-301F-11D3-BF4B-00C04F79EFBC}") = "DN10", "DN10\DN10.csproj", "{56DBD8DC-1F97-400A-976F-CAF9739A3E48}"
EndProject
Project("{FAE04EC0-301F-11D3-BF4B-00C04F79EFBC}") = "DN11", "DN11\DN11.csproj", "{2E490571-DF74-42B2-AD1A-A0AFA16742FB}"
EndProject
Project("{FAE04EC0-301F-11D3-BF4B-00C04F79EFBC}") = "DN12", "DN12\DN12.csproj", "{2CC16B83-B278-4A43-BA7C-08BFF0919A59}"
EndProject
Global
	GlobalSection(SolutionConfigurationPlatforms) = preSolution
		Debug|Any CPU = Debug|Any CPU
		Release|Any CPU = Release|Any CPU
	EndGlobalSection
	GlobalSection(ProjectConfigurationPlatforms) = postSolution
		{D89E9D63-8766-4801-9038-351273C6A9F4}.Debug|Any CPU.ActiveCfg = Debug|Any CPU
		{D89E9D63-8766-4801-9038-351273C6A9F4}.Debug|Any CPU.Build.0 = Debug|Any CPU
		{D89E9D63-8766-4801-9038-351273C6A9F4}.Release|Any CPU.ActiveCfg = Release|Any CPU
		{D89E9D63-8766-4801-9038-351273C6A9F4}.Release|Any CPU.Build.0 = Release|Any CPU
		{0B1725AD-C5CE-4D0D-9F36-98C0E3B6A8D8}.Debug|Any CPU.ActiveCfg = Debug|Any CPU
		{0B1725AD-C5CE-4D0D-9F36-98C0E3B6A8D8}.Debug|Any CPU.Build.0 = Debug|Any CPU
		{0B1725AD-C5CE-4D0D-9F36-98C0E3B6A8D8}.Release|Any CPU.ActiveCfg = Release|Any CPU
		{0B1725AD-C5CE-4D0D-9F36-98C0E3B6A8D8}.Release|Any CPU.Build.0 = Release|Any CPU
		{399CACAD-7299-4B5D-A374-67C4BF620FD5}.Debug|Any CPU.ActiveCfg = Debug|Any CPU
		{399CACAD-7299-4B5D-A374-67C4BF620FD5}.Debug|Any CPU.Build.0 = Debug|Any CPU
		{399CACAD-7299-4B5D-A374-67C4BF620FD5}.Release|Any CPU.ActiveCfg = Release|Any CPU
		{399CACAD-7299-4B5D-A374-67C4BF620FD5}.Release|Any CPU.Build.0 = Release|Any CPU
		{485B08C0-8A86-4648-8C05-27035259F887}.Debug|Any CPU.ActiveCfg = Debug|Any CPU
		{485B08C0-8A86-4648-8C05-27035259F887}.Debug|Any CPU.Build.0 = Debug|Any CPU
		{485B08C0-8A86-4648-8C05-27035259F887}.Release|Any CPU.ActiveCfg = Release|Any CPU
		{485B08C0-8A86-4648-8C05-27035259F887}.Release|Any CPU.Build.0 = Release|Any CPU
		{4B743EA8-993B-49D2-B07B-4E7286EC323E}.Debug|Any CPU.ActiveCfg = Debug|Any CPU
		{4B743EA8-993B-49D2-B07B-4E7286EC323E}.Debug|Any CPU.Build.0 = Debug|Any CPU
		{4B743EA8-993B-49D2-B07B-4E7286EC323E}.Release|Any CPU.ActiveCfg = Release|Any CPU
		{4B743EA8-993B-49D2-B07B-4E7286EC323E}.Release|Any CPU.Build.0 = Release|Any CPU
		{491A084B-9ED5-449F-B7FF-47C5F17D832E}.Debug|Any CPU.ActiveCfg = Debug|Any CPU
		{491A084B-9ED5-449F-B7FF-47C5F17D832E}.Debug|Any CPU.Build.0 = Debug|Any CPU
		{491A084B-9ED5-449F-B7FF-47C5F17D832E}.Release|Any CPU.ActiveCfg = Release|Any CPU
		{491A084B-9ED5-449F-B7FF-47C5F17D832E}.Release|Any CPU.Build.0 = Release|Any CPU
		{E363F5AA-C683-496E-9B82-E39835EA9D82}.Debug|Any CPU.ActiveCfg = Debug|Any CPU
		{E363F5AA-C683-496E-9B82-E39835EA9D82}.Debug|Any CPU.Build.0 = Debug|Any CPU
		{E363F5AA-C683-496E-9B82-E39835EA9D82}.Release|Any CPU.ActiveCfg = Release|Any CPU
		{E363F5AA-C683-496E-9B82-E39835EA9D82}.Release|Any CPU.Build.0 = Release|Any CPU
		{54DBD088-EEA9-4331-A35B-A1C78FEF9799}.Debug|Any CPU.ActiveCfg = Debug|Any CPU
		{54DBD088-EEA9-4331-A35B-A1C78FEF9799}.Debug|Any CPU.Build.0 = Debug|Any CPU
		{54DBD088-EEA9-4331-A35B-A1C78FEF9799}.Release|Any CPU.ActiveCfg = Release|Any CPU
		{54DBD088-EEA9-4331-A35B-A1C78FEF9799}.Release|Any CPU.Build.0 = Release|Any CPU
		{78D5F30F-5B83-422B-99C6-65CF135ACF30}.Debug|Any CPU.ActiveCfg = Debug|Any CPU
		{78D5F30F-5B83-422B-99C6-65CF135ACF30}.Debug|Any CPU.Build.0 = Debug|Any CPU
		{78D5F30F-5B83-422B-99C6-65CF135ACF30}.Release|Any CPU.ActiveCfg = Release|Any CPU
		{78D5F30F-5B83-422B-99C6-65CF135ACF30}.Release|Any CPU.Build.0 = Release|Any CPU
		{56DBD8DC-1F97-400A-976F-CAF9739A3E48}.Debug|Any CPU.ActiveCfg = Debug|Any CPU
		{56DBD8DC-1F97-400A-976F-CAF9739A3E48}.Debug|Any CPU.Build.0 = Debug|Any CPU
		{56DBD8DC-1F97-400A-976F-CAF9739A3E48}.Release|Any CPU.ActiveCfg = Release|Any CPU
		{56DBD8DC-1F97-400A-976F-CAF9739A3E48}.Release|Any CPU.Build.0 = Release|Any CPU
		{2E490571-DF74-42B2-AD1A-A0AFA16742FB}.Debug|Any CPU.ActiveCfg = Debug|Any CPU
		{2E490571-DF74-42B2-AD1A-A0AFA16742FB}.Debug|Any CPU.Build.0 = Debug|Any CPU
		{2E490571-DF74-42B2-AD1A-A0AFA16742FB}.Release|Any CPU.ActiveCfg = Release|Any CPU
		{2E490571-DF74-42B2-AD1A-A0AFA16742FB}.Release|Any CPU.Build.0 = Release|Any CPU
		{2CC16B83-B278-4A43-BA7C-08BFF0919A59}.Debug|Any CPU.ActiveCfg = Debug|Any CPU
		{2CC16B83-B278-4A43-BA7C-08BFF0919A59}.Debug|Any CPU.Build.0 = Debug|Any CPU
		{2CC16B83-B278-4A43-BA7C-08BFF0919A59}.Release|Any CPU.ActiveCfg = Release|Any CPU
		{2CC16B83-B278-4A43-BA7C-08BFF0919A59}.Release|Any CPU.Build.0 = Release|Any CPU
	EndGlobalSection
EndGlobal
