
Microsoft Visual Studio Solution File, Format Version 12.00
Project("{FAE04EC0-301F-11D3-BF4B-00C04F79EFBC}") = "DN1", "DN1\DN1.csproj", "{D89E9D63-8766-4801-9038-351273C6A9F4}"
EndProject
Project("{FAE04EC0-301F-11D3-BF4B-00C04F79EFBC}") = "DN2", "DN2\DN2.csproj", "{0B1725AD-C5CE-4D0D-9F36-98C0E3B6A8D8}"
EndProject
Project("{FAE04EC0-301F-11D3-BF4B-00C04F79EFBC}") = "DN3", "DN3\DN3.csproj", "{399CACAD-7299-4B5D-A374-67C4BF620FD5}"
EndProject
Project("{FAE04EC0-301F-11D3-BF4B-00C04F79EFBC}") = "DN4", "DN4\DN4.csproj", "{485B08C0-8A86-4648-8C05-27035259F887}"
EndProject
Global
	GlobalSection(SolutionConfigurationPlatforms) = preSolution
		Debug|Any CPU = Debug|Any CPU
		Release|Any CPU = Release|Any CPU
	EndGlobalSection
	GlobalSection(ProjectConfigurationPlatforms) = postSolution
		{D89E9D63-8766-4801-9038-351273C6A9F4}.Debug|Any CPU.ActiveCfg = Debug|Any CPU
		{D89E9D63-8766-4801-9038-351273C6A9F4}.Debug|Any CPU.Build.0 = Debug|Any CPU
		{D89E9D63-8766-4801-9038-351273C6A9F4}.Release|Any CPU.ActiveCfg = Release|Any CPU
		{D89E9D63-8766-4801-9038-351273C6A9F4}.Release|Any CPU.Build.0 = Release|Any CPU
		{0B1725AD-C5CE-4D0D-9F36-98C0E3B6A8D8}.Debug|Any CPU.ActiveCfg = Debug|Any CPU
		{0B1725AD-C5CE-4D0D-9F36-98C0E3B6A8D8}.Debug|Any CPU.Build.0 = Debug|Any CPU
		{0B1725AD-C5CE-4D0D-9F36-98C0E3B6A8D8}.Release|Any CPU.ActiveCfg = Release|Any CPU
		{0B1725AD-C5CE-4D0D-9F36-98C0E3B6A8D8}.Release|Any CPU.Build.0 = Release|Any CPU
		{399CACAD-7299-4B5D-A374-67C4BF620FD5}.Debug|Any CPU.ActiveCfg = Debug|Any CPU
		{399CACAD-7299-4B5D-A374-67C4BF620FD5}.Debug|Any CPU.Build.0 = Debug|Any CPU
		{399CACAD-7299-4B5D-A374-67C4BF620FD5}.Release|Any CPU.ActiveCfg = Release|Any CPU
		{399CACAD-7299-4B5D-A374-67C4BF620FD5}.Release|Any CPU.Build.0 = Release|Any CPU
		{485B08C0-8A86-4648-8C05-27035259F887}.Debug|Any CPU.ActiveCfg = Debug|Any CPU
		{485B08C0-8A86-4648-8C05-27035259F887}.Debug|Any CPU.Build.0 = Debug|Any CPU
		{485B08C0-8A86-4648-8C05-27035259F887}.Release|Any CPU.ActiveCfg = Release|Any CPU
		{485B08C0-8A86-4648-8C05-27035259F887}.Release|Any CPU.Build.0 = Release|Any CPU
	EndGlobalSection
EndGlobal
